
Microsoft Visual Studio Solution File, Format Version 12.00
# Visual Studio Version 17
VisualStudioVersion = 17.2.32616.157
MinimumVisualStudioVersion = 10.0.40219.1
Project("{FAE04EC0-301F-11D3-BF4B-00C04F79EFBC}") = "MappingObjectApp", "MappingObjectApp\MappingObjectApp.csproj", "{9D762EB4-CE1E-4B6B-83BA-4F3E3A83250C}"
EndProject
Global
	GlobalSection(SolutionConfigurationPlatforms) = preSolution
		Debug|Any CPU = Debug|Any CPU
		Release|Any CPU = Release|Any CPU
	EndGlobalSection
	GlobalSection(ProjectConfigurationPlatforms) = postSolution
		{9D762EB4-CE1E-4B6B-83BA-4F3E3A83250C}.Debug|Any CPU.ActiveCfg = Debug|Any CPU
		{9D762EB4-CE1E-4B6B-83BA-4F3E3A83250C}.Debug|Any CPU.Build.0 = Debug|Any CPU
		{9D762EB4-CE1E-4B6B-83BA-4F3E3A83250C}.Release|Any CPU.ActiveCfg = Release|Any CPU
		{9D762EB4-CE1E-4B6B-83BA-4F3E3A83250C}.Release|Any CPU.Build.0 = Release|Any CPU
	EndGlobalSection
	GlobalSection(SolutionProperties) = preSolution
		HideSolutionNode = FALSE
	EndGlobalSection
	GlobalSection(ExtensibilityGlobals) = postSolution
		SolutionGuid = {E07552F5-1766-46A8-AC74-26EDE9A523C2}
	EndGlobalSection
EndGlobal
